version = 1
revision = 3
requires-python = ">=3.10"

[[package]]
name = "convertdate"
version = "2.4.1"
source = { registry = "https://pypi.org/simple" }
dependencies = [
    { name = "pymeeus" },
]
sdist = { url = "https://files.pythonhosted.org/packages/3a/8d/540bf9cdbcd59352ecf7a1925197881465a6c24fd6171765dc11bbeed19e/convertdate-2.4.1.tar.gz", hash = "sha256:ace904a9d0230742732471748160b99d6ae881c2d0dc9a2463c7a37340c56c91", size = 52505, upload-time = "2026-02-08T00:37:53.812Z" }
wheels = [
    { url = "https://files.pythonhosted.org/packages/fe/53/63d707d9de41aab3c51faa4f0e9234c36ee8c63f56c90c3ae23a01976e81/convertdate-2.4.1-py3-none-any.whl", hash = "sha256:0622acf8bc600956b937e8dd7cee36ba035669b62d2db224bf130af1fc84f754", size = 48440, upload-time = "2026-02-08T00:37:52.405Z" },
]

[[package]]
name = "dateparser"
version = "1.4.2"
source = { editable = "." }
dependencies = [
    { name = "python-dateutil" },
    { name = "pytz" },
    { name = "regex" },
    { name = "tzlocal" },
]

[package.optional-dependencies]
calendars = [
    { name = "convertdate" },
    { name = "hijridate" },
]
langdetect = [
    { name = "langdetect" },
]

[package.metadata]
requires-dist = [
    { name = "convertdate", marker = "extra == 'calendars'", specifier = ">=2.2.1" },
    { name = "hijridate", marker = "extra == 'calendars'" },
    { name = "langdetect", marker = "extra == 'langdetect'", specifier = ">=1.0.0" },
    { name = "python-dateutil", specifier = ">=2.7.0" },
    { name = "pytz", specifier = ">=2024.2" },
    { name = "regex", specifier = ">=2024.9.11" },
    { name = "tzlocal", specifier = ">=0.2" },
]
provides-extras = ["calendars", "langdetect"]

[[package]]
name = "hijridate"
version = "2.6.0"
source = { registry = "https://pypi.org/simple" }
sdist = { url = "https://files.pythonhosted.org/packages/0e/8a/ddbaee418c78d067832e6d684e52640e19aa04d81d8eee42870b98728205/hijridate-2.6.0.tar.gz", hash = "sha256:afe4644c4d1fe3cfd2aa3c28bfa660405c12e5ba53249ba942ec68c7bb216e00", size = 35791, upload-time = "2026-01-06T19:10:51.073Z" }
wheels = [
    { url = "https://files.pythonhosted.org/packages/87/8f/189391314015883f2a1a308d5692fc269ea0675dfcd61fa12be4024b2080/hijridate-2.6.0-py3-none-any.whl", hash = "sha256:290db60c7780acc2a7e2112fada70847e3c11c0030b998606db77ecf126c305b", size = 14456, upload-time = "2026-01-06T19:10:49.77Z" },
]

[[package]]
name = "langdetect"
version = "1.0.9"
source = { registry = "https://pypi.org/simple" }
dependencies = [
    { name = "six" },
]
sdist = { url = "https://files.pythonhosted.org/packages/0e/72/a3add0e4eec4eb9e2569554f7c70f4a3c27712f40e3284d483e88094cc0e/langdetect-1.0.9.tar.gz", hash = "sha256:cbc1fef89f8d062739774bd51eda3da3274006b3661d199c2655f6b3f6d605a0", size = 981474, upload-time = "2021-05-07T07:54:13.562Z" }

[[package]]
name = "pymeeus"
version = "0.5.12"
source = { registry = "https://pypi.org/simple" }
sdist = { url = "https://files.pythonhosted.org/packages/81/76/599896b37e60f43078afd8354b3802eb7ca257a7e7f6253cc21c4c672877/PyMeeus-0.5.12.tar.gz", hash = "sha256:548f7186bd8b96cbc069cf649a8e8e377dce49ac74486709849fe63a99cad684", size = 5752712, upload-time = "2022-12-11T11:37:48.504Z" }

[[package]]
name = "python-dateutil"
version = "2.9.0.post0"
source = { registry = "https://pypi.org/simple" }
dependencies = [
    { name = "six" },
]
sdist = { url = "https://files.pythonhosted.org/packages/66/c0/0c8b6ad9f17a802ee498c46e004a0eb49bc148f2fd230864601a86dcf6db/python-dateutil-2.9.0.post0.tar.gz", hash = "sha256:37dd54208da7e1cd875388217d5e00ebd4179249f90fb72437e91a35459a0ad3", size = 342432, upload-time = "2024-03-01T18:36:20.211Z" }
wheels = [
    { url = "https://files.pythonhosted.org/packages/ec/57/56b9bcc3c9c6a792fcbaf139543cee77261f3651ca9da0c93f5c1221264b/python_dateutil-2.9.0.post0-py2.py3-none-any.whl", hash = "sha256:a8b2bc7bffae282281c8140a97d3aa9c14da0b136dfe83f850eea9a5f7470427", size = 229892, upload-time = "2024-03-01T18:36:18.57Z" },
]

[[package]]
name = "pytz"
version = "2026.3.post1"
source = { registry = "https://pypi.org/simple" }
sdist = { url = "https://files.pythonhosted.org/packages/fb/48/fb042503b6ca6cd271261dc559fd6432f7d8c713153e9ec5c591af4dfc1c/pytz-2026.3.post1.tar.gz", hash = "sha256:2211d3fcf9a797d3405cac96ac7f61d80e6a644f72a3309607282fe8a2010c5d", size = 319745, upload-time = "2026-07-25T15:12:07.385Z" }
wheels = [
    { url = "https://files.pythonhosted.org/packages/0f/7b/39c34ca613b0b198cb866466651b26b045e2009864c5183c979a3b83f383/pytz-2026.3.post1-py2.py3-none-any.whl", hash = "sha256:dd95840dd199baea12d9cc096a1d452caa6596a1c1e4b5f3dbd1541855d5e815", size = 508283, upload-time = "2026-07-25T15:12:05.782Z" },
]

[[package]]
name = "regex"
version = "2026.9.10"
source = { registry = "https://pypi.org/simple" }
sdist = { url = "https://files.pythonhosted.org/packages/b9/5c/f403115361de25809e8f785686ec7096e30fef73be9ae35aa51da4e80abb/regex-2026.9.10.tar.gz", hash = "sha256:1e321e2c84f0e52c457f5ea5944f796d6e8e09cb99738ea98dcc1bfe402a128d", size = 417072, upload-time = "2026-09-09T21:00:21.521Z" }
wheels = [
    { url = "https://files.pythonhosted.org/packages/67/29/b4160140513c37ea8e7d87c467b5b7e658f53ca4cdcfe394b82ec768d0b4/regex-2026.9.10-cp310-cp310-macosx_10_9_universal2.whl", hash = "sha256:7dcad477c49c4c626a6c4fcd71b39a971aa217060cc40a6569fd24edcc0fa509", size = 493887, upload-time = "2026-09-09T20:56:21.178Z" },
    { url = "https://files.pythonhosted.org/packages/01/f9/6008e74d6076a980a48cb3eeaf80c1324db73f2eed89a8023e91669dad84/regex-2026.9.10-cp310-cp310-macosx_10_9_x86_64.whl", hash = "sha256:d414c411c06fe0009eac33488fb1591c66b5c2673e342e452e7bb2fe63da8194", size = 295102, upload-time = "2026-09-09T20:56:22.687Z" },
    { url = "https://files.pythonhosted.org/packages/7e/cd/2f540fc813d1f71f18e1cc6861483133a0e6afb349a4e770fbdce4811d8d/regex-2026.9.10-cp310-cp310-macosx_11_0_arm64.whl", hash = "sha256:f2f43bf4e47ff7ce9e585558706d698c6204d0f80bf2207766382ed817c8e9f4", size = 290660, upload-time = "2026-09-09T20:56:23.835Z" },
    { url = "https://files.pythonhosted.org/packages/03/5f/9c990517587418d82406203d4608e17e02167c73fb36ef9a7a9d7ae64802/regex-2026.9.10-cp310-cp310-manylinux2014_aarch64.manylinux_2_17_aarch64.manylinux_2_28_aarch64.whl", hash = "sha256:24d12a625a37c89c2b09303402a06942f55f071b95a7916a49c17034c3d47cd5", size = 787864, upload-time = "2026-09-09T20:56:24.979Z" },
    { url = "https://files.pythonhosted.org/packages/6e/1f/bcc010de82e20c1822d22ae94d97faafd46ce8405599f3636622a9a7bd04/regex-2026.9.10-cp310-cp310-manylinux2014_ppc64le.manylinux_2_17_ppc64le.manylinux_2_28_ppc64le.whl", hash = "sha256:ef4ce69ff97fbb44b46751cfea5e859ad0b66d1a50abf34954f0645f51e81671", size = 860487, upload-time = "2026-09-09T20:56:26.363Z" },
    { url = "https://files.pythonhosted.org/packages/58/3e/6e75baf9c78d90bf44187f5ce4ee5de51fde206e6981490a0a4418cde296/regex-2026.9.10-cp310-cp310-manylinux2014_s390x.manylinux_2_17_s390x.manylinux_2_28_s390x.whl", hash = "sha256:044bd4639b6bb409ec9e5d8b7accd57e02b4c4a4e2eafde916f8ae8006b3e40b", size = 905374, upload-time = "2026-09-09T20:56:27.741Z" },
    { url = "https://files.pythonhosted.org/packages/49/b2/be9fafe5e05888296fdd35d82ba9cbb67b0d352e9911fad3c458beb3a34a/regex-2026.9.10-cp310-cp310-manylinux2014_x86_64.manylinux_2_17_x86_64.manylinux_2_28_x86_64.whl", hash = "sha256:c3d95d7d9538b5b726dd6fcd7b6117a71e6565202f6d64f5845fb4d8f203f533", size = 796252, upload-time = "2026-09-09T20:56:29.074Z" },
    { url = "https://files.pythonhosted.org/packages/f4/ac/4df639a88ce4fcdb0aedaba7818718254b888e4b60c7df640d5fc82232cb/regex-2026.9.10-cp310-cp310-manylinux2014_x86_64.manylinux_2_17_x86_64.whl", hash = "sha256:faa911fbbcf8ac90bda0e0657d60768e3390954ef0588211d63a22add1cb1cd1", size = 790214, upload-time = "2026-09-09T20:56:30.586Z" },
    { url = "https://files.pythonhosted.org/packages/6b/2f/2bb3fef68f7ba134d45a2aa3c713078109ebca71ec5dbb84a42d7284abec/regex-2026.9.10-cp310-cp310-manylinux_2_31_riscv64.manylinux_2_39_riscv64.whl", hash = "sha256:ecb2e7acb18f8cc4a67f0ad986c0af291ea4dd385d0614ba9bc09d7f8bbb478c", size = 773413, upload-time = "2026-09-09T20:56:32.223Z" },
    { url = "https://files.pythonhosted.org/packages/7d/57/43737678e306ad6430732828ecf0632c72676eab783cc98c4da373e7ee96/regex-2026.9.10-cp310-cp310-musllinux_1_2_aarch64.whl", hash = "sha256:4971776b4f2bd7fd9a83eceb2cb2592cbe2924f639fe8045e6a9de5ba4bfcf25", size = 778331, upload-time = "2026-09-09T20:56:33.51Z" },
    { url = "https://files.pythonhosted.org/packages/b1/19/61f4158219d60ec727500f08f6f0aa86a036bb5c3ba0632204f35eeb92e8/regex-2026.9.10-cp310-cp310-musllinux_1_2_ppc64le.whl", hash = "sha256:f8bdec659a8fa7af51a32b224b3b7c02bc415d54ffd35187b1d224176b17d607", size = 853498, upload-time = "2026-09-09T20:56:34.931Z" },
    { url = "https://files.pythonhosted.org/packages/6f/85/7c783b98eb777cd17e2566ea6343a350f6a7c13f41f43282c20348ed9303/regex-2026.9.10-cp310-cp310-musllinux_1_2_riscv64.whl", hash = "sha256:3540734dbe241ebb3b87d5713781f6749a3e4d45480f506aa5fb5cbb0c37d249", size = 762708, upload-time = "2026-09-09T20:56:36.248Z" },
    { url = "https://files.pythonhosted.org/packages/dd/cd/a56fb347afd102dca21fc3ee9163ccf379678154ec2d0e3f139fb26e5eb9/regex-2026.9.10-cp310-cp310-musllinux_1_2_s390x.whl", hash = "sha256:87f5f75c109f08f5c602d68e1af54cead8165189c727b6ac946b30b9833a3ba4", size = 842488, upload-time = "2026-09-09T20:56:37.538Z" },
    { url = "https://files.pythonhosted.org/packages/59/54/5d38dc952ec93cd19943d31647806c7fbf380c74f36b747874b26a3070fe/regex-2026.9.10-cp310-cp310-musllinux_1_2_x86_64.whl", hash = "sha256:88b02aa8d0ec9b6189fe933d425775882271c23700ac11fd26d1779b0f56fde3", size = 783557, upload-time = "2026-09-09T20:56:39.649Z" },
    { url = "https://files.pythonhosted.org/packages/63/81/c4c880460f22160046e9d4794d947935da8337d579e08c3492344be32d1d/regex-2026.9.10-cp310-cp310-win32.whl", hash = "sha256:13c52fc377792675f604a207a2ae5958c080f6854f7698d40d9ff034d95b1e76", size = 266938, upload-time = "2026-09-09T20:56:41.352Z" },
    { url = "https://files.pythonhosted.org/packages/f4/0a/5061dde95447f00acdeeb39780b32def0ce380c3e725aeee1f5b37b788bb/regex-2026.9.10-cp310-cp310-win_amd64.whl", hash = "sha256:e6b99181d184d0f5c7b36b8d12b94d1e9499cce6246594331f9edc5d2ea9fceb", size = 278251, upload-time = "2026-09-09T20:56:42.54Z" },
    { url = "https://files.pythonhosted.org/packages/c1/c8/b3f8dab9592d1089fb2cec58f5c1120ce1c5c74b2d12d50119e404187ee8/regex-2026.9.10-cp310-cp310-win_arm64.whl", hash = "sha256:abbfc1c33bf8efddcc43844aba61e036d74a918680dc3ce8ce2538b004eda0f9", size = 277308, upload-time = "2026-09-09T20:56:44.141Z" },
    { url = "https://files.pythonhosted.org/packages/65/82/36fdcd669c7c47e11bea67e3495011ec365be0942aae3ba74f82f92ed6a2/regex-2026.9.10-cp311-cp311-macosx_10_9_universal2.whl", hash = "sha256:debc629e98b95abaea1cf3057ca296151f348c697c9b8a59d18013adb302c0dd", size = 493891, upload-time = "2026-09-09T20:56:45.767Z" },
    { url = "https://files.pythonhosted.org/packages/c8/57/bb6a8273bcb53077a1855fea0ff416fe4d4bcb1d9f350a9fe3b909853983/regex-2026.9.10-cp311-cp311-macosx_10_9_x86_64.whl", hash = "sha256:9d772586951d7d6a5d162d48f414065e483b1c81ab38fd8ed97c78b05883421a", size = 295107, upload-time = "2026-09-09T20:56:47.359Z" },
    { url = "https://files.pythonhosted.org/packages/38/71/9d96d04c36556f057398a08dfc21aecc5409b5fef83fd7653a310227df7e/regex-2026.9.10-cp311-cp311-macosx_11_0_arm64.whl", hash = "sha256:b43456de605c8ee77eb75f07bc1ee44ba27f9cee22207deb77d495e954b7d953", size = 290649, upload-time = "2026-09-09T20:56:48.731Z" },
    { url = "https://files.pythonhosted.org/packages/af/cb/4dd3b7190b5a169c81a4d63b487d65e9fb23689b771f5aceb91d9e7f65bb/regex-2026.9.10-cp311-cp311-manylinux2014_aarch64.manylinux_2_17_aarch64.manylinux_2_28_aarch64.whl", hash = "sha256:1f0a8b4928823bc8b217a1ab7bf3d90598909dec9a70fbbfe9a52cc4eca55990", size = 796358, upload-time = "2026-09-09T20:56:50.021Z" },
    { url = "https://files.pythonhosted.org/packages/3e/bb/aceb2329a2d54a3bbd95e54f08689692414674c213e8fc958cf253206e5e/regex-2026.9.10-cp311-cp311-manylinux2014_ppc64le.manylinux_2_17_ppc64le.manylinux_2_28_ppc64le.whl", hash = "sha256:b91c37551bf39d75116c02b146956f65b9aa0337a4a652f4ae186983789d4001", size = 866258, upload-time = "2026-09-09T20:56:51.363Z" },
    { url = "https://files.pythonhosted.org/packages/ba/fc/f8deac9c4c475b6bc35f25565a2253df4d27d49dcb6b189d9432ae69294e/regex-2026.9.10-cp311-cp311-manylinux2014_s390x.manylinux_2_17_s390x.manylinux_2_28_s390x.whl", hash = "sha256:0b9ba3b2765cdfe18f0f561a69f78a69701f2896654a81c711108d35d14e5099", size = 912779, upload-time = "2026-09-09T20:56:52.811Z" },
    { url = "https://files.pythonhosted.org/packages/74/dc/2dd4d56932f55ea412c9808f27a8661f93568bfee596ed04bc57a74e591f/regex-2026.9.10-cp311-cp311-manylinux2014_x86_64.manylinux_2_17_x86_64.manylinux_2_28_x86_64.whl", hash = "sha256:0acee94b480dd853e39434aa9a575f95385b1b4b8fa3feae56db363ca5cad782", size = 802962, upload-time = "2026-09-09T20:56:54.241Z" },
    { url = "https://files.pythonhosted.org/packages/46/a8/43edbb94e6c9caffd08bffca5b5c486d18845569fcad3953565b85dd71f1/regex-2026.9.10-cp311-cp311-manylinux_2_31_riscv64.manylinux_2_39_riscv64.whl", hash = "sha256:a41693eb3fc4b92e6127d113813c6c395237f7edd3224abf67609af48c690d11", size = 777136, upload-time = "2026-09-09T20:56:55.749Z" },
    { url = "https://files.pythonhosted.org/packages/78/2a/6de302fe3dfa94b75a414bffe5180c146967f96fc52fd0b3527a05ad7c40/regex-2026.9.10-cp311-cp311-musllinux_1_2_aarch64.whl", hash = "sha256:6888065672b341e5246f391ec16dc258a29218ac784172fd67c30d941544755b", size = 786593, upload-time = "2026-09-09T20:56:57.211Z" },
    { url = "https://files.pythonhosted.org/packages/ce/22/66bad9464b4b9122180d2fec86209d7f1bcaf4388d34f644139799f94a20/regex-2026.9.10-cp311-cp311-musllinux_1_2_ppc64le.whl", hash = "sha256:8c07021a4faa3f092869adbd1f35cdc7a592276c807aeebc3ceb8ff1a638f0b4", size = 861247, upload-time = "2026-09-09T20:56:59.194Z" },
    { url = "https://files.pythonhosted.org/packages/3a/90/a862d6fd9ee3bc0c1f3a2fecffb325097608a4c9b57f0e35030f68c878f7/regex-2026.9.10-cp311-cp311-musllinux_1_2_riscv64.whl", hash = "sha256:58c01f7b81079cf0817ba831ff4d9eff5d28be4a3ac76c353e6f09bd63f4c386", size = 767925, upload-time = "2026-09-09T20:57:01.031Z" },
    { url = "https://files.pythonhosted.org/packages/98/4a/aea909c0699aec3c5ee6eff93e4dabc0d310cfb0a5618094e1c5228b234d/regex-2026.9.10-cp311-cp311-musllinux_1_2_s390x.whl", hash = "sha256:f0e2e5d23448b660d60a6ed85c46cc03b4b48bd276b8f4041d4a5fe2a4a0626b", size = 850772, upload-time = "2026-09-09T20:57:02.774Z" },
    { url = "https://files.pythonhosted.org/packages/8a/a9/a55f1257d95871b0e042b42bf52f931b3a92b4d530def5201c5b9d597e20/regex-2026.9.10-cp311-cp311-musllinux_1_2_x86_64.whl", hash = "sha256:94d096369b7cd96d15343fef5257fe39eff9d0e8758b92a0e15e358b92cdb2fc", size = 791475, upload-time = "2026-09-09T20:57:04.216Z" },
    { url = "https://files.pythonhosted.org/packages/60/96/04bb3dabe9ac7aa64ff758dc34ae0378d60f5279ccb66788e1f837a0cac0/regex-2026.9.10-cp311-cp311-win32.whl", hash = "sha256:7f8f10015866608fe4c043cec2e4fe4c39a94bb50e45091de4cdf4004b9ae4b0", size = 266937, upload-time = "2026-09-09T20:57:05.726Z" },
    { url = "https://files.pythonhosted.org/packages/0c/7f/2d39cd798871b683409cd14ab4458f60e53db86591028a8244c3155f2e92/regex-2026.9.10-cp311-cp311-win_amd64.whl", hash = "sha256:ce7c118cb102975f974585688357a717ffbf9dddd64ab0bb1bc93eb5b367cf95", size = 278263, upload-time = "2026-09-09T20:57:07.089Z" },
    { url = "https://files.pythonhosted.org/packages/13/5f/eb3a6fd0ef50719d105e77bcc8a94b5b6f4d2873819fcf481279c454ce73/regex-2026.9.10-cp311-cp311-win_arm64.whl", hash = "sha256:1e954e246466d5a1a78f563ce8364b5d7cb19e7adb0ccdec8f9c9610083187bc", size = 277305, upload-time = "2026-09-09T20:57:08.442Z" },
    { url = "https://files.pythonhosted.org/packages/32/c8/bfbe893e90ee0148bd2860dd086f09b5d2080ca2b125f740c2e118c16982/regex-2026.9.10-cp312-cp312-macosx_10_13_universal2.whl", hash = "sha256:880ac684c27176464c00c3fdc456116364f5ebc70da07aad0c2d4a7ba45e98db", size = 496609, upload-time = "2026-09-09T20:57:09.987Z" },
    { url = "https://files.pythonhosted.org/packages/8c/ac/56d5ae6efb759255c3b3db650a4be25f96a844ea3613b91e1e189a3b7294/regex-2026.9.10-cp312-cp312-macosx_10_13_x86_64.whl", hash = "sha256:b9d36b03dc362aa40ffaaec9d9bd75e87763529563ec008c43b0e07782f5be7a", size = 297024, upload-time = "2026-09-09T20:57:11.35Z" },
    { url = "https://files.pythonhosted.org/packages/60/4b/0f2d5f6bbb791cc10f22f0ed16c487e630dde8fa8fa0bd92a2bfe21a4b20/regex-2026.9.10-cp312-cp312-macosx_11_0_arm64.whl", hash = "sha256:866de9f98df0611d7b62b3a8729d3284a64c0cc6edd90bb95a533e443a4939cb", size = 291905, upload-time = "2026-09-09T20:57:13.127Z" },
    { url = "https://files.pythonhosted.org/packages/89/51/3fb5fe0d32f4cf0bc982286722c729a8d6f522d2fa2d5d14a702d9fc87f8/regex-2026.9.10-cp312-cp312-manylinux2014_aarch64.manylinux_2_17_aarch64.manylinux_2_28_aarch64.whl", hash = "sha256:4c66d54042a14a503907d81861b8a5235e6d1f03d4fbc1d8767f652eaf957ac1", size = 800055, upload-time = "2026-09-09T20:57:14.68Z" },
    { url = "https://files.pythonhosted.org/packages/89/46/ee507bd2f9d4420f26a594b35c551d7194b66f5d7897f63730fae6ec05c1/regex-2026.9.10-cp312-cp312-manylinux2014_ppc64le.manylinux_2_17_ppc64le.manylinux_2_28_ppc64le.whl", hash = "sha256:032da15431c890d376f53547f0a6219f4f4cd19f3e4f11bdc321453b5bd207e4", size = 871133, upload-time = "2026-09-09T20:57:16.674Z" },
    { url = "https://files.pythonhosted.org/packages/d1/75/cbaa90689684f91b1bc017e7f8c6d9425c6bd299108db02482dc51376d8a/regex-2026.9.10-cp312-cp312-manylinux2014_s390x.manylinux_2_17_s390x.manylinux_2_28_s390x.whl", hash = "sha256:23ac9a28180f274d7dd7651fa131ad5b02d343b75df4b040737f0356223895dd", size = 919627, upload-time = "2026-09-09T20:57:18.402Z" },
    { url = "https://files.pythonhosted.org/packages/cb/f5/dcdf5e0d898024005cfcce631e3e934d111dfbe177ca0b7f253ae8a735a2/regex-2026.9.10-cp312-cp312-manylinux2014_x86_64.manylinux_2_17_x86_64.manylinux_2_28_x86_64.whl", hash = "sha256:2e67f8843f0e4b931f1fa860bf3bbe4134b714c0155cc5c7c0d7ea450230aae0", size = 804587, upload-time = "2026-09-09T20:57:19.859Z" },
    { url = "https://files.pythonhosted.org/packages/73/70/eedfe81c29bae266a06ab4250978361a9bccd474704d88d4f4ef4506dff8/regex-2026.9.10-cp312-cp312-manylinux_2_31_riscv64.manylinux_2_39_riscv64.whl", hash = "sha256:bb7774924f8cd69f49cba0b3c2d679a6326f777e0e67d130ad5203e4df53f0d3", size = 777320, upload-time = "2026-09-09T20:57:21.62Z" },
    { url = "https://files.pythonhosted.org/packages/ca/e5/86b207077efbcd91305700488f170b7eb1e1c54721cea74175273aa3b9a4/regex-2026.9.10-cp312-cp312-musllinux_1_2_aarch64.whl", hash = "sha256:0c32480f3371b75068decaf9e5da72c224e953830dd71e36e06cf80e30ea39d8", size = 790572, upload-time = "2026-09-09T20:57:23.048Z" },
    { url = "https://files.pythonhosted.org/packages/b2/92/f622c3b2323f4c035b98e80221740a442127ad7993135b814f52057430db/regex-2026.9.10-cp312-cp312-musllinux_1_2_ppc64le.whl", hash = "sha256:d2d377fd1cad611b806cdd732d86b65f536c768209890cb442556548daa65a23", size = 865485, upload-time = "2026-09-09T20:57:24.658Z" },
    { url = "https://files.pythonhosted.org/packages/4a/be/34bd621d3d6ac906ad67e57ed56c40cd45f7d51b9c0328335e97a7cb8ecb/regex-2026.9.10-cp312-cp312-musllinux_1_2_riscv64.whl", hash = "sha256:c014641157e9049b0603b8daa5343bd408d9b757b709aaa0f373cd3fab2d7944", size = 767925, upload-time = "2026-09-09T20:57:26.268Z" },
    { url = "https://files.pythonhosted.org/packages/0d/28/ddbf7cba86f2adf5038c6c16aa829636ffc6e437f81bb0cbf302899cea5e/regex-2026.9.10-cp312-cp312-musllinux_1_2_s390x.whl", hash = "sha256:1562aabd9d4eb09bd88a62ad97ed06800094b529ac43419e43020b9cefec79b0", size = 858800, upload-time = "2026-09-09T20:57:27.901Z" },
    { url = "https://files.pythonhosted.org/packages/d0/f1/e8d7656ff3d3bd32e881d32f540b4981c79dee61908d6b790a45966e6895/regex-2026.9.10-cp312-cp312-musllinux_1_2_x86_64.whl", hash = "sha256:2479171edccced52ef02b899558f88ab2c235fe05b93180fdcae1670aacd89e1", size = 791648, upload-time = "2026-09-09T20:57:29.786Z" },
    { url = "https://files.pythonhosted.org/packages/fc/65/eac1a79115c8475d8ff539602eb54031564d719fdea5a599c4b0a1a26d1b/regex-2026.9.10-cp312-cp312-win32.whl", hash = "sha256:239620b0e0681669367c0e218c8eb2551d9f8fe3b9fccfc8d0003377804e8348", size = 267326, upload-time = "2026-09-09T20:57:31.782Z" },
    { url = "https://files.pythonhosted.org/packages/ad/d4/4dcd0a05d3e97ca829165df1c39717f899d1d484dac8a6032439f2cb8d6d/regex-2026.9.10-cp312-cp312-win_amd64.whl", hash = "sha256:4db7d00c4afbfbb55b8e17b1e371da11418ea9389b030acec63c1fa4c7ad4b86", size = 277933, upload-time = "2026-09-09T20:57:33.648Z" },
    { url = "https://files.pythonhosted.org/packages/55/f8/22617a80dee28f2451011eae36bc26b3d78c4994ba87b5281d60acf9b6c0/regex-2026.9.10-cp312-cp312-win_arm64.whl", hash = "sha256:c25a754bb81a2edcfc3b65eda50f017d736f818112ed43e8aafd595cb00678ae", size = 277447, upload-time = "2026-09-09T20:57:35.156Z" },
    { url = "https://files.pythonhosted.org/packages/20/90/d4452bf1ef7dbe406980e8b921a257024482203c1dafac535eae207611bc/regex-2026.9.10-cp313-cp313-macosx_10_13_universal2.whl", hash = "sha256:ef5a059ea1c6ee5d1c7e99a2484e628608d010921efe876c6f0e2029d2f35eca", size = 496408, upload-time = "2026-09-09T20:57:36.757Z" },
    { url = "https://files.pythonhosted.org/packages/6a/35/c763c6424a0f99d021d46dc1f9065147bb5a40c2b2cdf28d2ebdbcd96508/regex-2026.9.10-cp313-cp313-macosx_10_13_x86_64.whl", hash = "sha256:dce932f8e3ba936475ea3d0d8b59f7b050a9e206e994f53f8fd80299871e87da", size = 296931, upload-time = "2026-09-09T20:57:38.811Z" },
    { url = "https://files.pythonhosted.org/packages/fa/68/241f88458b17c46ed2f80147a60a03b2ada7fb815c23b6bc76c298abb0a5/regex-2026.9.10-cp313-cp313-macosx_11_0_arm64.whl", hash = "sha256:d8c668af8f7bdb1d18739c27d30cd9f4b371495a883f75a002fb7a39d740fecd", size = 291741, upload-time = "2026-09-09T20:57:40.482Z" },
    { url = "https://files.pythonhosted.org/packages/90/9e/974d6de404c63e2d09525f4ddb99874c7ab8e1f781ccbe0dd3e26fa6f6e5/regex-2026.9.10-cp313-cp313-manylinux2014_aarch64.manylinux_2_17_aarch64.manylinux_2_28_aarch64.whl", hash = "sha256:6aebdd9a946de328b3f6f61dbf48dd064a36eb6dddf96e34ae6651d37f6e9383", size = 800088, upload-time = "2026-09-09T20:57:42.098Z" },
    { url = "https://files.pythonhosted.org/packages/9e/fd/3875b73f9e7ba3321dcaa02c19f650c05c61345328acf84599ac6f45ceed/regex-2026.9.10-cp313-cp313-manylinux2014_ppc64le.manylinux_2_17_ppc64le.manylinux_2_28_ppc64le.whl", hash = "sha256:f2374c27deb189b282ec7e16106752c22ad39b056bbd8018960b1e4cc95d67a1", size = 871212, upload-time = "2026-09-09T20:57:44.03Z" },
    { url = "https://files.pythonhosted.org/packages/c5/f5/2358e791c0e171194dd6a8b97b520579098a21397fb79dbe6b7edc9e3fa7/regex-2026.9.10-cp313-cp313-manylinux2014_s390x.manylinux_2_17_s390x.manylinux_2_28_s390x.whl", hash = "sha256:e0dc78251154b66dc60211563fc115345da332eaa881e4e2523fb1edae3772f4", size = 919752, upload-time = "2026-09-09T20:57:45.691Z" },
    { url = "https://files.pythonhosted.org/packages/20/3b/000c79c3f9c06b7542225a5d3a7f9a85405da7224b3b9af94a491d07abea/regex-2026.9.10-cp313-cp313-manylinux2014_x86_64.manylinux_2_17_x86_64.manylinux_2_28_x86_64.whl", hash = "sha256:bafa41b0dd63669e5c0f8adf3d24819efeb73c847f492eb011212eb352e69041", size = 804578, upload-time = "2026-09-09T20:57:47.548Z" },
    { url = "https://files.pythonhosted.org/packages/30/6d/195eedb1de87f26639191e7487e41eb81e2ce255bc7563a64f3f5a95eb08/regex-2026.9.10-cp313-cp313-manylinux_2_31_riscv64.manylinux_2_39_riscv64.whl", hash = "sha256:ebb2ba68e4641a994061f70bf44ed448fba0b9b1d18c94ffb9efc1cca805b39b", size = 777345, upload-time = "2026-09-09T20:57:49.63Z" },
    { url = "https://files.pythonhosted.org/packages/79/11/11fe2b313fcd92cb75c583648f2746031b9f4da9e9ed4241204a5e8b3721/regex-2026.9.10-cp313-cp313-musllinux_1_2_aarch64.whl", hash = "sha256:048a89ee797db10160bd2bd519286577a6b43a100279bd4b7d8456a3d69c80a0", size = 790556, upload-time = "2026-09-09T20:57:51.27Z" },
    { url = "https://files.pythonhosted.org/packages/7a/c0/07ec9b4c43b0e16d62454971a5ab3886eccb0bfa161300a02d801ab28620/regex-2026.9.10-cp313-cp313-musllinux_1_2_ppc64le.whl", hash = "sha256:79e9432995e14c749d34209413de5e621ec8e67789bf4f46dbfabea9d06a2406", size = 865572, upload-time = "2026-09-09T20:57:53.163Z" },
    { url = "https://files.pythonhosted.org/packages/19/07/43bc9a9cf9fc8e37d2ba47980dfe4a6e151d2cf3ab969e0031e2a9b21484/regex-2026.9.10-cp313-cp313-musllinux_1_2_riscv64.whl", hash = "sha256:5847e22bbf959764d776937d791d034cc2d19b787e361c88d97e859e8dc68502", size = 767971, upload-time = "2026-09-09T20:57:54.805Z" },
    { url = "https://files.pythonhosted.org/packages/9c/49/3b9286a3a94f3c89ed4ddbe74e72bdde21c1a5eadd520d5f4ed4a61936cb/regex-2026.9.10-cp313-cp313-musllinux_1_2_s390x.whl", hash = "sha256:c103b3b14e011774af4fb7e4617ad4d72b9171905cd3b231a70a4efd76e477d7", size = 858835, upload-time = "2026-09-09T20:57:56.627Z" },
    { url = "https://files.pythonhosted.org/packages/4a/9e/e5d27ce9fee8e3ef95f886c7b6ecec211efa4cfc18bd73bd5cf26cca4741/regex-2026.9.10-cp313-cp313-musllinux_1_2_x86_64.whl", hash = "sha256:6b34a778c695d24e77c140e3b4c95da69282e34f2f6b02b55656aa4a0379f643", size = 791793, upload-time = "2026-09-09T20:57:58.313Z" },
    { url = "https://files.pythonhosted.org/packages/63/03/c28a6bebedc3e2d86ee27ec2de16f7ec0419dcd10e771d43dcc9c58a2e99/regex-2026.9.10-cp313-cp313-win32.whl", hash = "sha256:7abb38b8c40f3a235235a44da452c64b7b5c1d650ec6351027db0e090804f2e5", size = 267298, upload-time = "2026-09-09T20:58:00.009Z" },
    { url = "https://files.pythonhosted.org/packages/cd/fd/5c85fa6cfb8e034080bda5a72fa0a4df2b7777a35eb7e73c2799c2adda7a/regex-2026.9.10-cp313-cp313-win_amd64.whl", hash = "sha256:20e8bfb07ad79a282f8b95b56fe67f9750b1b7f775724e4ba1f23cb296115ce4", size = 277894, upload-time = "2026-09-09T20:58:01.731Z" },
    { url = "https://files.pythonhosted.org/packages/c1/28/f5a25f6f65501675977fda35d9f61abb1468c4b87c0f73e536d8b21a60b8/regex-2026.9.10-cp313-cp313-win_arm64.whl", hash = "sha256:3bdeed3318a8eb2bbadc9c56347e0ff651639e934a47e168d05a3b12929fd0e7", size = 277436, upload-time = "2026-09-09T20:58:03.422Z" },
    { url = "https://files.pythonhosted.org/packages/5c/ed/98e9b07d8bb9c765d07774f0b2c19b301b96d51f44630fea48951051c94e/regex-2026.9.10-cp314-cp314-macosx_10_15_universal2.whl", hash = "sha256:fd6bd89b9fc06018d35851cab0240adb7dd84d51941b19f6574ac90cd54e3ae5", size = 496662, upload-time = "2026-09-09T20:58:05.118Z" },
    { url = "https://files.pythonhosted.org/packages/ee/a8/9dfe9be48378b47c5a8f04b0f200ea225f9ee0f8e93f010433f661a37878/regex-2026.9.10-cp314-cp314-macosx_10_15_x86_64.whl", hash = "sha256:ef4c0a9dfdc90581b90b1b95a8c3d1557f8ff8f5a2a53536d26314de699d1468", size = 297115, upload-time = "2026-09-09T20:58:06.822Z" },
    { url = "https://files.pythonhosted.org/packages/2b/e4/5d1f005a3825ec49842ad349061c1c26e6d42f47ccf105e6e5aa6aeed392/regex-2026.9.10-cp314-cp314-macosx_11_0_arm64.whl", hash = "sha256:14caa05ce39ec70437af5aac8814c50ee6628f4a90353871c059692f448a164f", size = 291896, upload-time = "2026-09-09T20:58:08.675Z" },
    { url = "https://files.pythonhosted.org/packages/be/15/44ce83fca50c6058f42b62fa8300a8030eea7e4e5a973a2dd33db0f557fb/regex-2026.9.10-cp314-cp314-manylinux2014_aarch64.manylinux_2_17_aarch64.manylinux_2_28_aarch64.whl", hash = "sha256:3264132d576847ab5f88bb83e7debe67854bf165b3ea613bd467312b6099536a", size = 800534, upload-time = "2026-09-09T20:58:10.339Z" },
    { url = "https://files.pythonhosted.org/packages/af/6e/a62e070a5a033643b287489576f02ae6a9c584c337d62349e340a2b4d001/regex-2026.9.10-cp314-cp314-manylinux2014_ppc64le.manylinux_2_17_ppc64le.manylinux_2_28_ppc64le.whl", hash = "sha256:5cef9f3d14796500ea834c41dbe688f1f6b23c7024dc23e8a794d7ebaf5d71d0", size = 872038, upload-time = "2026-09-09T20:58:12.186Z" },
    { url = "https://files.pythonhosted.org/packages/f3/06/8b8e2483949b1329df10c5b615e85d332066deb426b11332b799629b9201/regex-2026.9.10-cp314-cp314-manylinux2014_s390x.manylinux_2_17_s390x.manylinux_2_28_s390x.whl", hash = "sha256:d278ad30ec83b6b9202685b0f80b741a51ea3ca7f0595ebda96e7628b6398876", size = 918927, upload-time = "2026-09-09T20:58:13.903Z" },
    { url = "https://files.pythonhosted.org/packages/bb/64/9b56f69100d3afdbc9c4fa6e302764f9cb717fbc06a9d50558d98ca89cd2/regex-2026.9.10-cp314-cp314-manylinux2014_x86_64.manylinux_2_17_x86_64.manylinux_2_28_x86_64.whl", hash = "sha256:05fb018cfe7144585fc83882405906ff84994a2d154afc2509ecc7752c51f864", size = 803694, upload-time = "2026-09-09T20:58:15.949Z" },
    { url = "https://files.pythonhosted.org/packages/07/43/d00d59a7c8fd0e070ae8457a8743597f45ad9682b100f57b9c9c405fbdfd/regex-2026.9.10-cp314-cp314-manylinux_2_31_riscv64.manylinux_2_39_riscv64.whl", hash = "sha256:6fd555fc9abef50c530869690b2daca054c8811a7aff632d11f9a7b2590b2742", size = 777770, upload-time = "2026-09-09T20:58:17.628Z" },
    { url = "https://files.pythonhosted.org/packages/46/6b/a11d0446484efbc9eb67abec133f254c6d66a1568b8f3fb36d39a73a1129/regex-2026.9.10-cp314-cp314-musllinux_1_2_aarch64.whl", hash = "sha256:8d5c4518235a2ec1611e57af85fa488d529c1106aacff12adadcedf8687012cd", size = 791234, upload-time = "2026-09-09T20:58:19.476Z" },
    { url = "https://files.pythonhosted.org/packages/12/09/bcd24e78b373fd4f98090caa43eade439223f6703b909be79b9efd9ab0ab/regex-2026.9.10-cp314-cp314-musllinux_1_2_ppc64le.whl", hash = "sha256:175cf49ce7a994c88b8f15e3cb17cdb66a48ebb2d36de736b8205033db950f89", size = 866259, upload-time = "2026-09-09T20:58:21.683Z" },
    { url = "https://files.pythonhosted.org/packages/8b/c6/c57ba5e94222a813260af4c17ced92d40cdb44737eb6b50979688310b6a3/regex-2026.9.10-cp314-cp314-musllinux_1_2_riscv64.whl", hash = "sha256:b71649169a9fcf30b395ee01047fa7ad6654a4c900ca75b23c04dedcce6a1f8c", size = 768219, upload-time = "2026-09-09T20:58:23.842Z" },
    { url = "https://files.pythonhosted.org/packages/7b/a2/3820037587d00901ace96c5864335c2cd1b899d5263ea0dd2261359e0bee/regex-2026.9.10-cp314-cp314-musllinux_1_2_s390x.whl", hash = "sha256:8ba1f78bd4fef2d8f84b894ec28ac3481afe6cc07aaa253ad4717ef7b3fe6bcb", size = 858582, upload-time = "2026-09-09T20:58:25.607Z" },
    { url = "https://files.pythonhosted.org/packages/47/f0/f9a838ca6219ae4821de0175e4548db73ef56de5ec08d032fb427732fa07/regex-2026.9.10-cp314-cp314-musllinux_1_2_x86_64.whl", hash = "sha256:217e98ba5fc8908ed8ffd4ebac04753a0c831067cbfb495b9821b94cc61eaa76", size = 791405, upload-time = "2026-09-09T20:58:27.406Z" },
    { url = "https://files.pythonhosted.org/packages/f7/bf/67d71cc4e13ae2e0022d21243ca069e0868701a99eb29cdecd13d356e694/regex-2026.9.10-cp314-cp314-win32.whl", hash = "sha256:b298cdc33c5cc6969ff07f0fba19cc73e0fd8576373c50935feadaca2f6b4405", size = 272702, upload-time = "2026-09-09T20:58:29.116Z" },
    { url = "https://files.pythonhosted.org/packages/c1/38/40a93e72703a741235115ed1b1e5f6b869917677b7643005034ce1611d70/regex-2026.9.10-cp314-cp314-win_amd64.whl", hash = "sha256:c32818b28bcd153b25b63038348a9fe9b9fbcddb60df43f204c3ab55eeb57f77", size = 281170, upload-time = "2026-09-09T20:58:30.899Z" },
    { url = "https://files.pythonhosted.org/packages/bf/ac/e95387f00617c16bb41b786d900bacd17eab88afa81b4f263df532b3a731/regex-2026.9.10-cp314-cp314-win_arm64.whl", hash = "sha256:75242f44a3e283106077be4ab717bc535e4701c9d54ad69e195945c22f137a1d", size = 281511, upload-time = "2026-09-09T20:58:32.594Z" },
    { url = "https://files.pythonhosted.org/packages/39/e5/a4b12262edc488a8a7a95b672db317dd8aa9bf2fab98297f9c91bb11ad4d/regex-2026.9.10-cp314-cp314t-macosx_10_15_universal2.whl", hash = "sha256:2dd9286093c71afc8f55ef035c5b9d2776641fd72c6535f1febc92d0b0be9666", size = 501128, upload-time = "2026-09-09T20:58:34.306Z" },
    { url = "https://files.pythonhosted.org/packages/55/c8/9ca31c0fa5197ded8614c8ae0e105bcff2d979025ffa3c75580baa334e2f/regex-2026.9.10-cp314-cp314t-macosx_10_15_x86_64.whl", hash = "sha256:71879292c9c7ac67b1680345b16daba1be937cb027362cfa04e68f65db2dcfdd", size = 299428, upload-time = "2026-09-09T20:58:36.296Z" },
    { url = "https://files.pythonhosted.org/packages/2b/d1/ee7662561735f90475443c3ca1977e5cecaeaa8f29620dec75580aebc839/regex-2026.9.10-cp314-cp314t-macosx_11_0_arm64.whl", hash = "sha256:5ccd139b2061132e7b265cfb4b4721baeb9f8928b81415304abf1ec7e3181c26", size = 294494, upload-time = "2026-09-09T20:58:37.964Z" },
    { url = "https://files.pythonhosted.org/packages/d9/b1/333168e45ed6cfe71f6d17e21e5f54725f44d171f84edd12469a2f739227/regex-2026.9.10-cp314-cp314t-manylinux2014_aarch64.manylinux_2_17_aarch64.manylinux_2_28_aarch64.whl", hash = "sha256:e7327795089ddb44912dce1434e1d7244be2e9fb48fcc2d6782936af7a3062db", size = 814925, upload-time = "2026-09-09T20:58:40.438Z" },
    { url = "https://files.pythonhosted.org/packages/bc/a5/df1b38536d0a3b24a030eb4130ce98b403cc925220ff530f5313a7c436eb/regex-2026.9.10-cp314-cp314t-manylinux2014_ppc64le.manylinux_2_17_ppc64le.manylinux_2_28_ppc64le.whl", hash = "sha256:ff4d7b14ea19e50c8d9d6d83f45bd9b45cbb624c07ac1fa54db0a019049abed7", size = 873323, upload-time = "2026-09-09T20:58:42.349Z" },
    { url = "https://files.pythonhosted.org/packages/93/ea/aa71fe62dd63a8336bbdec1ff002a6c53b40ccfca95961c18ee4f09bf03c/regex-2026.9.10-cp314-cp314t-manylinux2014_s390x.manylinux_2_17_s390x.manylinux_2_28_s390x.whl", hash = "sha256:4f0407474ffac8e5e89d93ca41d60891e29f0ab8423eb66ff292d850a86a0843", size = 923080, upload-time = "2026-09-09T20:58:44.488Z" },
    { url = "https://files.pythonhosted.org/packages/86/38/49f8d6fd34fc1a9c75b5b96364ebdde702a8144e5ed63d2213c58d454c27/regex-2026.9.10-cp314-cp314t-manylinux2014_x86_64.manylinux_2_17_x86_64.manylinux_2_28_x86_64.whl", hash = "sha256:1ad10a135fa0b4e4a462a61d07c6654d7518cfdb5cb8da08f9ff7d61384af1fe", size = 821284, upload-time = "2026-09-09T20:58:46.56Z" },
    { url = "https://files.pythonhosted.org/packages/32/45/91a977c96d4be13d1ade8208c260c26841c836d4c91745e1828a30589070/regex-2026.9.10-cp314-cp314t-manylinux_2_31_riscv64.manylinux_2_39_riscv64.whl", hash = "sha256:9fbd2e5d8002dc49a6129fb321ec51c57a025e752ed525ddce0ba9223c4350a7", size = 789256, upload-time = "2026-09-09T20:58:48.473Z" },
    { url = "https://files.pythonhosted.org/packages/2d/79/4d110bf01bf9651bf9b3f88a6d9fa7e643e0586921a18432b25a478edbfa/regex-2026.9.10-cp314-cp314t-musllinux_1_2_aarch64.whl", hash = "sha256:4a761ea45f2ad74c575ef5850ea514cef97302a552d3c7c9d1a1a870d4661d6c", size = 803722, upload-time = "2026-09-09T20:58:50.286Z" },
    { url = "https://files.pythonhosted.org/packages/e7/67/b587a0d3bbac2635309ed9c40c197120c39e1ec0afb8813cbed1338fdd75/regex-2026.9.10-cp314-cp314t-musllinux_1_2_ppc64le.whl", hash = "sha256:75aa39d3f4f1650eea84e46b0d8cefe77dd5478c10e3d0aaf0b0f00493475a7a", size = 870085, upload-time = "2026-09-09T20:58:52.224Z" },
    { url = "https://files.pythonhosted.org/packages/07/fc/0827bca20ddba1d70fa5111a2a64e6b6b38bfdab43fc435022b54172a111/regex-2026.9.10-cp314-cp314t-musllinux_1_2_riscv64.whl", hash = "sha256:f5c629df03adec31ee505dda3c8988f106c9390e4cbd343600036eb8b3d6724f", size = 776970, upload-time = "2026-09-09T20:58:54.478Z" },
    { url = "https://files.pythonhosted.org/packages/9b/03/ab9d08d30568ca868791bfb99551db60b947f05e2e65dcd1261e87083c21/regex-2026.9.10-cp314-cp314t-musllinux_1_2_s390x.whl", hash = "sha256:3a66e40a1a20de96a2fee00ed67e11012b62d85b277688258677fd19997addb7", size = 863611, upload-time = "2026-09-09T20:58:56.432Z" },
    { url = "https://files.pythonhosted.org/packages/5e/6d/8063ae86b543ae878a7d6e7ba21ebf0af4af06161230e0012e2d652320c6/regex-2026.9.10-cp314-cp314t-musllinux_1_2_x86_64.whl", hash = "sha256:968c1e33edd9a104d1bf24c8d476c72de7e3839ae7f894b37e9e4f4739fdeeca", size = 804064, upload-time = "2026-09-09T20:58:59.066Z" },
    { url = "https://files.pythonhosted.org/packages/c5/63/b19305c4b8d3d7867699f7d83c43550273d91a2f31793452d87edb1d259f/regex-2026.9.10-cp314-cp314t-win32.whl", hash = "sha256:fbc4e2f3cb7ce8436154e6483079e7d35eeb321a952fa936e180300630d8b873", size = 274607, upload-time = "2026-09-09T20:59:00.942Z" },
    { url = "https://files.pythonhosted.org/packages/32/b8/1695072a512a49060294024e23b945eeb87675b02c06e53a92a1b42b0bfd/regex-2026.9.10-cp314-cp314t-win_amd64.whl", hash = "sha256:c37fa93bf18bf4f90b01c0fa9f11ea567ee4b7dd8bf96e63663e5edc37aa38cf", size = 283944, upload-time = "2026-09-09T20:59:02.876Z" },
    { url = "https://files.pythonhosted.org/packages/a9/9f/65bac17f39991a67e22f8b3c849fdc02a56147c97029b5351494341959b4/regex-2026.9.10-cp314-cp314t-win_arm64.whl", hash = "sha256:ffc2da104e43db716ce30cef9f28049a1faa6aca385dd8771b033268d0730b07", size = 283780, upload-time = "2026-09-09T20:59:05.009Z" },
    { url = "https://files.pythonhosted.org/packages/67/ca/1d1f83bc2f8fff4f186266ac82d73254e686565530cec9ab5228fb5c63dc/regex-2026.9.10-cp315-cp315-macosx_10_15_universal2.whl", hash = "sha256:6afcad14310f1311d077553ed374b42a5e538f85a8c884b4e38e52de091c8077", size = 496869, upload-time = "2026-09-09T20:59:07.051Z" },
    { url = "https://files.pythonhosted.org/packages/33/42/4217510286501a2ebcd372b781b4754ac961e043fa13ef8dce803c44d89c/regex-2026.9.10-cp315-cp315-macosx_10_15_x86_64.whl", hash = "sha256:3fb4ae8cf83ef4e9addd43b2da31a9f45be816a8036fae8af59c8998b72718e2", size = 297121, upload-time = "2026-09-09T20:59:09.007Z" },
    { url = "https://files.pythonhosted.org/packages/55/a7/595468ed0bbccd94be92c6b5d67736ba128b204d942429a8485c2693914d/regex-2026.9.10-cp315-cp315-macosx_11_0_arm64.whl", hash = "sha256:f7d4656e17ab736e9415a6442a345bfc97bb8b7dcce47884bb74a37f70f08d0c", size = 292139, upload-time = "2026-09-09T20:59:10.859Z" },
    { url = "https://files.pythonhosted.org/packages/29/1c/ac92c123e0ab9bea75a904272171b356940bd6139e4a35de44f2254dca8f/regex-2026.9.10-cp315-cp315-manylinux2014_aarch64.manylinux_2_17_aarch64.manylinux_2_28_aarch64.whl", hash = "sha256:35ba3bab0c45079735f55ac61526774de1d84bc4a0333cc554e1a4ab74913924", size = 802375, upload-time = "2026-09-09T20:59:12.823Z" },
    { url = "https://files.pythonhosted.org/packages/8d/16/d349f6fa9f908162359004e4f067353a0146e8074d24989490778244be44/regex-2026.9.10-cp315-cp315-manylinux2014_ppc64le.manylinux_2_17_ppc64le.manylinux_2_28_ppc64le.whl", hash = "sha256:ff6b3267318661dfddf6b3628663e00e5946bd0a5c8fa678537a1401f0388f91", size = 872328, upload-time = "2026-09-09T20:59:15.352Z" },
    { url = "https://files.pythonhosted.org/packages/df/81/251b5aef23147057e926346fdb7c8c352d0568f65a492e4e9eb6120f6446/regex-2026.9.10-cp315-cp315-manylinux2014_s390x.manylinux_2_17_s390x.manylinux_2_28_s390x.whl", hash = "sha256:030fa9e23624e39b3b94e46b90a5abd1a1678eb2f58fcdd3fd6c27526bf91c7e", size = 919594, upload-time = "2026-09-09T20:59:17.31Z" },
    { url = "https://files.pythonhosted.org/packages/d0/6e/1f25319dc1b9cf4b7ffa303f3d16ca53260fe92aff45e81aa1b3c6c7cba2/regex-2026.9.10-cp315-cp315-manylinux2014_x86_64.manylinux_2_17_x86_64.manylinux_2_28_x86_64.whl", hash = "sha256:1fbc8314436353e097c050e11b01a6c11433579437ed0579730157676ef59e2f", size = 807394, upload-time = "2026-09-09T20:59:19.328Z" },
    { url = "https://files.pythonhosted.org/packages/cc/fc/3da6b3dffddf12d5e96cbbe6f5e65ebcd64f92e3388a6690a53e0878232d/regex-2026.9.10-cp315-cp315-manylinux_2_31_riscv64.manylinux_2_39_riscv64.whl", hash = "sha256:7e6c0b5ec6ddee4032247585dc491b0fa58627745b66a705728703a3f0331231", size = 786018, upload-time = "2026-09-09T20:59:21.592Z" },
    { url = "https://files.pythonhosted.org/packages/bb/6f/1cc86dafddc912ef44c5ccd4f729060be8c6735600932664eb6d0e25469b/regex-2026.9.10-cp315-cp315-musllinux_1_2_aarch64.whl", hash = "sha256:bf29611e5376fec8f795879bb5c6153a76c3a292573d173c26784042b01eb840", size = 793504, upload-time = "2026-09-09T20:59:23.734Z" },
    { url = "https://files.pythonhosted.org/packages/b1/cb/11692e29388d006211163627fcefa0c79917ab9f94d46a1b2254fe5efc81/regex-2026.9.10-cp315-cp315-musllinux_1_2_ppc64le.whl", hash = "sha256:ec8855f08c17895a26fbf5f19ed829722e19b34a96629e49a43c92974924026b", size = 866766, upload-time = "2026-09-09T20:59:25.798Z" },
    { url = "https://files.pythonhosted.org/packages/5d/78/3631df969830f94d83fcfc5fc71a7b39caad905e18f7b17350a94135d625/regex-2026.9.10-cp315-cp315-musllinux_1_2_riscv64.whl", hash = "sha256:94c5ce3bc41d226b4eb89ca3f842b2e28c031487fb1f34eb2153d98235831325", size = 775825, upload-time = "2026-09-09T20:59:28.51Z" },
    { url = "https://files.pythonhosted.org/packages/4e/8a/762892a8e3e21d119eacaffde848aa247e6cf4e1d90c46011671e86b1b9e/regex-2026.9.10-cp315-cp315-musllinux_1_2_s390x.whl", hash = "sha256:9ce239acb15843ab03976626af810a4424b0409689ec2bbc52088ab5479ab487", size = 858901, upload-time = "2026-09-09T20:59:30.656Z" },
    { url = "https://files.pythonhosted.org/packages/3f/f0/78048fada5c2f61d795efb26ea24f820a5564c4aa26574920284d45cd656/regex-2026.9.10-cp315-cp315-musllinux_1_2_x86_64.whl", hash = "sha256:c22df8dd6373bbe3898e77429ffc85594300e39d752fd0e68a31e59d37899376", size = 796208, upload-time = "2026-09-09T20:59:32.852Z" },
    { url = "https://files.pythonhosted.org/packages/aa/58/632681f7b9aaa3d83b40e5862ba46364a453c8eb2bc7d43fece3dc31f972/regex-2026.9.10-cp315-cp315-win32.whl", hash = "sha256:1aa309ab7ba89a62d6cf70dbd38d4176440bce3c7001ab86256704cf4c18c6eb", size = 272704, upload-time = "2026-09-09T20:59:34.927Z" },
    { url = "https://files.pythonhosted.org/packages/5d/64/81cce28754c37037b1fe740b6d7a556d51d97cf935ea4547bfab104f43f7/regex-2026.9.10-cp315-cp315-win_amd64.whl", hash = "sha256:58da726d3e766c0b3f5a3997dfaf0275898a1107b8191cdd6b0437fe45fd817d", size = 281182, upload-time = "2026-09-09T20:59:36.86Z" },
    { url = "https://files.pythonhosted.org/packages/33/28/5a13a340c9c759e863a0e7f765d323601d03d6538c8a627ed628662e083b/regex-2026.9.10-cp315-cp315-win_arm64.whl", hash = "sha256:75f9297b16fcb588a1f8d8a55dabef3c0c20b0c7bac43c87ceaaaf1a825c12f4", size = 281512, upload-time = "2026-09-09T20:59:38.875Z" },
    { url = "https://files.pythonhosted.org/packages/f7/38/a3caebcd5105be90708071db20bd261b0961b8ea4fe5e8be45c2632519b5/regex-2026.9.10-cp315-cp315t-macosx_10_15_universal2.whl", hash = "sha256:1270cdec69248592bbe38a0b263ed58d907b891bd2b93703e225c317e421bda1", size = 501336, upload-time = "2026-09-09T20:59:40.987Z" },
    { url = "https://files.pythonhosted.org/packages/ee/b5/ec8887b2658bf0a5df143c7c1fcd562b0abd2fa208c04ebf15c6607c9bb2/regex-2026.9.10-cp315-cp315t-macosx_10_15_x86_64.whl", hash = "sha256:681ed38664b64c6617d3c3c332018d1948c77e139c5ea667c1886efa671e426f", size = 299318, upload-time = "2026-09-09T20:59:43.039Z" },
    { url = "https://files.pythonhosted.org/packages/d5/58/84724a9eccf6e8cd46f7e4534576093e2476a5eeb55e2453aa6606e86059/regex-2026.9.10-cp315-cp315t-macosx_11_0_arm64.whl", hash = "sha256:8e127d9a80cbf1c3276bb465c6d047e8705e97b58c2b8f2f0c0a69c336b44b37", size = 294847, upload-time = "2026-09-09T20:59:44.954Z" },
    { url = "https://files.pythonhosted.org/packages/50/03/70ccc5e53905984abf8eab63eebd3ce740522ef8c8d392622b64d79ef290/regex-2026.9.10-cp315-cp315t-manylinux2014_aarch64.manylinux_2_17_aarch64.manylinux_2_28_aarch64.whl", hash = "sha256:990797e765d89a423880052c68b61c31afe701de94a8c060f61c40605ca6c727", size = 814359, upload-time = "2026-09-09T20:59:47.194Z" },
    { url = "https://files.pythonhosted.org/packages/29/53/40f7a11ec547e4a947883c9d5e8a075f6d4f59af2b8dbcaa8bf5b504aca0/regex-2026.9.10-cp315-cp315t-manylinux2014_ppc64le.manylinux_2_17_ppc64le.manylinux_2_28_ppc64le.whl", hash = "sha256:e5e4a6e0734a685d13b9685622bb503bdbb2927f8b0df025a5085f0ea067475b", size = 875586, upload-time = "2026-09-09T20:59:49.537Z" },
    { url = "https://files.pythonhosted.org/packages/0b/9d/83f3e022d99ce601727c4ef5f7b527753901ce4509ed89a1bb6a2263380a/regex-2026.9.10-cp315-cp315t-manylinux2014_s390x.manylinux_2_17_s390x.manylinux_2_28_s390x.whl", hash = "sha256:63bb62cf62217dc38c8a6b2b61b165b0e4eb8fa93b0aba12139251c0986a8fa3", size = 920990, upload-time = "2026-09-09T20:59:51.776Z" },
    { url = "https://files.pythonhosted.org/packages/b2/64/dfdb367d8f4f5c9b8ccb4b59789c2ce996f2c69c3b8192aa986fe7d92ec4/regex-2026.9.10-cp315-cp315t-manylinux2014_x86_64.manylinux_2_17_x86_64.manylinux_2_28_x86_64.whl", hash = "sha256:cb76a9c4e07a6a47849726af0ed14c41741a182f097f134a8cf29c1bc0f4dde8", size = 818660, upload-time = "2026-09-09T20:59:54.428Z" },
    { url = "https://files.pythonhosted.org/packages/88/a6/fb7d0b64487913845834f319aa84f8377d55305958a5db7e19c128798366/regex-2026.9.10-cp315-cp315t-manylinux_2_31_riscv64.manylinux_2_39_riscv64.whl", hash = "sha256:31e4df2b11d48f61d511019bc1ee9b477055f17c352b68fe72db7a98b14d603c", size = 794976, upload-time = "2026-09-09T20:59:56.799Z" },
    { url = "https://files.pythonhosted.org/packages/3e/1c/23484edaae387ea0d31f4d414463211e3516c8aa210ce8d0640f5aff3502/regex-2026.9.10-cp315-cp315t-musllinux_1_2_aarch64.whl", hash = "sha256:cf377960d2ac37d987394a9dbaa75e91338c41a46d41e1d25e90125e7b3ee2dc", size = 804081, upload-time = "2026-09-09T20:59:59.39Z" },
    { url = "https://files.pythonhosted.org/packages/d5/e1/e30d138f13aecec99ea9aecef7e31563de6ec6a2f5ce1d65fc506aee33fe/regex-2026.9.10-cp315-cp315t-musllinux_1_2_ppc64le.whl", hash = "sha256:c8fbd9cb30c68c1686b94029b9ef845d5870d3d65baf66cb126b676849b9d72b", size = 870430, upload-time = "2026-09-09T21:00:03.304Z" },
    { url = "https://files.pythonhosted.org/packages/53/dc/81f9ce86f7ae4f57901543597c95751fa01c41a672ec1636dd913f8a000a/regex-2026.9.10-cp315-cp315t-musllinux_1_2_riscv64.whl", hash = "sha256:53e182b6b04d0011909b47d51a2d72d908de07c7b1c7f16b3adda2204d723bc1", size = 783327, upload-time = "2026-09-09T21:00:05.68Z" },
    { url = "https://files.pythonhosted.org/packages/a9/1b/d7bf8f91534740f6a8ca17e5ac9c5337903baf527c8de240fbac1bbedfd0/regex-2026.9.10-cp315-cp315t-musllinux_1_2_s390x.whl", hash = "sha256:0aa7589394230e0f0a422ab6b90841ff12c87e855e7aaf75d192a54a5f124548", size = 860874, upload-time = "2026-09-09T21:00:08.41Z" },
    { url = "https://files.pythonhosted.org/packages/9a/1d/52cc88364aca7c9013dfe9abe0fea67f8d394efe384d07798300a6e2f27d/regex-2026.9.10-cp315-cp315t-musllinux_1_2_x86_64.whl", hash = "sha256:1b891f77554bff991804cee24b78b40789f7d5993a24c7907bc7025fd2a70c8d", size = 806705, upload-time = "2026-09-09T21:00:10.768Z" },
    { url = "https://files.pythonhosted.org/packages/cb/51/37a194df7707f92f33173260ba7b221d4ec376419a53babaec50019a2804/regex-2026.9.10-cp315-cp315t-win32.whl", hash = "sha256:5bef622850cf760154719d4e0d74b0a855962432995168e250069899ae12fe8f", size = 274780, upload-time = "2026-09-09T21:00:14.003Z" },
    { url = "https://files.pythonhosted.org/packages/77/12/3227a52970d90908b230f15b2c86df903f49ac72c9eedf4f6e8b5bb5e1a7/regex-2026.9.10-cp315-cp315t-win_amd64.whl", hash = "sha256:07b45ba5c94b8fcb30cb6c56a11f715c57533a3017964504322ea52690a27b72", size = 283936, upload-time = "2026-09-09T21:00:16.275Z" },
    { url = "https://files.pythonhosted.org/packages/f3/bc/c567c5a61671f04d30e83f20b496b465432879196574d051007285576205/regex-2026.9.10-cp315-cp315t-win_arm64.whl", hash = "sha256:f70b9f0e39c2dba1d9da6bf7ef7c377cad7277f8440e9a69be05ede529ff024c", size = 283747, upload-time = "2026-09-09T21:00:19.113Z" },
]

[[package]]
name = "six"
version = "1.17.0"
source = { registry = "https://pypi.org/simple" }
sdist = { url = "https://files.pythonhosted.org/packages/94/e7/b2c673351809dca68a0e064b6af791aa332cf192da575fd474ed7d6f16a2/six-1.17.0.tar.gz", hash = "sha256:ff70335d468e7eb6ec65b95b99d3a2836546063f63acc5171de367e834932a81", size = 34031, upload-time = "2024-12-04T17:35:28.174Z" }
wheels = [
    { url = "https://files.pythonhosted.org/packages/b7/ce/149a00dd41f10bc29e5921b496af8b574d8413afcd5e30dfa0ed46c2cc5e/six-1.17.0-py2.py3-none-any.whl", hash = "sha256:4721f391ed90541fddacab5acf947aa0d3dc7d27b2e1e8eda2be8970586c3274", size = 11050, upload-time = "2024-12-04T17:35:26.475Z" },
]

[[package]]
name = "tzdata"
version = "2026.3"
source = { registry = "https://pypi.org/simple" }
sdist = { url = "https://files.pythonhosted.org/packages/92/ff/5a28bdfd8c3ebec42564ac7d0e54ca3db65044a9314a97f9564fa7a1e926/tzdata-2026.3.tar.gz", hash = "sha256:4a1518b8993086a7982523e071643f3c0e5f213e75b21318e78bcabfff9d1415", size = 198674, upload-time = "2026-07-10T08:50:37.887Z" }
wheels = [
    { url = "https://files.pythonhosted.org/packages/e5/6d/b53b99a9f2766d095985947a5782f1702cabb129a34f7a802d7197af832f/tzdata-2026.3-py2.py3-none-any.whl", hash = "sha256:dc096730c87af6cab1b171c9d532be840741ff5d459015e7f6947bd7d7e54931", size = 348168, upload-time = "2026-07-10T08:50:36.46Z" },
]

[[package]]
name = "tzlocal"
version = "5.4.4"
source = { registry = "https://pypi.org/simple" }
dependencies = [
    { name = "tzdata", marker = "sys_platform == 'win32'" },
]
sdist = { url = "https://files.pythonhosted.org/packages/81/5b/879b2f932adfa7a053c360d50bc896c977fa6426109185f7c12ebdd0cb9d/tzlocal-5.4.4.tar.gz", hash = "sha256:8dbb8660838688a7b6ba4fed31d18dedf842afb4d47ca050d6d891c2c15f3be4", size = 31170, upload-time = "2026-06-29T08:03:40.026Z" }
wheels = [
    { url = "https://files.pythonhosted.org/packages/9e/a4/017a7a6cbe387d961a688ec31364ae60a5c4e22c96ae9921b79a947c855d/tzlocal-5.4.4-py3-none-any.whl", hash = "sha256:aae09f0126a8a86fa736be266eb4a471380d26a0de3bc14844e7821fee3e2a15", size = 18115, upload-time = "2026-06-29T08:03:38.666Z" },
]
